
Microsoft Visual Studio Solution File, Format Version 12.00
# Visual Studio Version 17
VisualStudioVersion = 17.3.32901.215
MinimumVisualStudioVersion = 10.0.40219.1
Project("{FAE04EC0-301F-11D3-BF4B-00C04F79EFBC}") = "Trains", "Trains.csproj", "{583004C8-E1C7-4A53-B6FB-9F9D3828B87E}"
EndProject
Global
	GlobalSection(SolutionConfigurationPlatforms) = preSolution
		Debug|Any CPU = Debug|Any CPU
		Release|Any CPU = Release|Any CPU
	EndGlobalSection
	GlobalSection(ProjectConfigurationPlatforms) = postSolution
		{583004C8-E1C7-4A53-B6FB-9F9D3828B87E}.Debug|Any CPU.ActiveCfg = Debug|Any CPU
		{583004C8-E1C7-4A53-B6FB-9F9D3828B87E}.Debug|Any CPU.Build.0 = Debug|Any CPU
		{583004C8-E1C7-4A53-B6FB-9F9D3828B87E}.Release|Any CPU.ActiveCfg = Release|Any CPU
		{583004C8-E1C7-4A53-B6FB-9F9D3828B87E}.Release|Any CPU.Build.0 = Release|Any CPU
	EndGlobalSection
	GlobalSection(SolutionProperties) = preSolution
		HideSolutionNode = FALSE
	EndGlobalSection
	GlobalSection(ExtensibilityGlobals) = postSolution
		SolutionGuid = {C6066786-209A-4F0A-95BD-CBE7A56FA2DD}
	EndGlobalSection
EndGlobal
